
Microsoft Visual Studio Solution File, Format Version 12.00
# Visual Studio Version 16
VisualStudioVersion = 16.0.31205.134
MinimumVisualStudioVersion = 10.0.40219.1
Project("{FAE04EC0-301F-11D3-BF4B-00C04F79EFBC}") = "TbrContent", "Book\TbrContent.csproj", "{BE48AF31-6FE9-4A38-96B3-4190E7D941DB}"
EndProject
Project("{9A19103F-16F7-4668-BE54-9A1E7A4F7556}") = "TbrUI", "TbrUI\TbrUI.csproj", "{1E145B28-D5AE-4A0B-B080-F0764A9E49D9}"
EndProject
Project("{FAE04EC0-301F-11D3-BF4B-00C04F79EFBC}") = "TbrRepository", "TbrRepository\TbrRepository.csproj", "{24D0543C-6BEA-4571-B4B5-36F3308B3578}"
EndProject
Global
	GlobalSection(SolutionConfigurationPlatforms) = preSolution
		Debug|Any CPU = Debug|Any CPU
		Release|Any CPU = Release|Any CPU
	EndGlobalSection
	GlobalSection(ProjectConfigurationPlatforms) = postSolution
		{BE48AF31-6FE9-4A38-96B3-4190E7D941DB}.Debug|Any CPU.ActiveCfg = Debug|Any CPU
		{BE48AF31-6FE9-4A38-96B3-4190E7D941DB}.Debug|Any CPU.Build.0 = Debug|Any CPU
		{BE48AF31-6FE9-4A38-96B3-4190E7D941DB}.Release|Any CPU.ActiveCfg = Release|Any CPU
		{BE48AF31-6FE9-4A38-96B3-4190E7D941DB}.Release|Any CPU.Build.0 = Release|Any CPU
		{1E145B28-D5AE-4A0B-B080-F0764A9E49D9}.Debug|Any CPU.ActiveCfg = Debug|Any CPU
		{1E145B28-D5AE-4A0B-B080-F0764A9E49D9}.Debug|Any CPU.Build.0 = Debug|Any CPU
		{1E145B28-D5AE-4A0B-B080-F0764A9E49D9}.Release|Any CPU.ActiveCfg = Release|Any CPU
		{1E145B28-D5AE-4A0B-B080-F0764A9E49D9}.Release|Any CPU.Build.0 = Release|Any CPU
		{24D0543C-6BEA-4571-B4B5-36F3308B3578}.Debug|Any CPU.ActiveCfg = Debug|Any CPU
		{24D0543C-6BEA-4571-B4B5-36F3308B3578}.Debug|Any CPU.Build.0 = Debug|Any CPU
		{24D0543C-6BEA-4571-B4B5-36F3308B3578}.Release|Any CPU.ActiveCfg = Release|Any CPU
		{24D0543C-6BEA-4571-B4B5-36F3308B3578}.Release|Any CPU.Build.0 = Release|Any CPU
	EndGlobalSection
	GlobalSection(SolutionProperties) = preSolution
		HideSolutionNode = FALSE
	EndGlobalSection
	GlobalSection(ExtensibilityGlobals) = postSolution
		SolutionGuid = {75F6FF0B-CB19-422A-8779-B4F743EB7B3B}
	EndGlobalSection
EndGlobal
